{
  "name": "demo-app",
  "version": "1.0.0",
  "lockfileVersion": 3,
  "requires": true,
  "packages": {
    "": {
      "name": "demo-app",
      "version": "1.0.0",
      "license": "MIT",
      "dependencies": {
        "leftpadx": "file:../packages/leftpadx"
      }
    },
    "../packages/leftpadx": {
      "version": "1.0.0",
      "hasInstallScript": true
    },
    "node_modules/leftpadx": {
      "resolved": "../packages/leftpadx",
      "link": true
    }
  }
}
